
Microsoft Visual Studio Solution File, Format Version 12.00
# Visual Studio 15
VisualStudioVersion = 15.0.26228.9
MinimumVisualStudioVersion = 10.0.40219.1
Project("{9A19103F-16F7-4668-BE54-9A1E7A4F7556}") = "MLS.Agent", "MLS.Agent\MLS.Agent.csproj", "{5D63B3BA-9C25-4F06-91F0-6B0E1091FCD3}"
EndProject
Project("{9A19103F-16F7-4668-BE54-9A1E7A4F7556}") = "MLS.Agent.Tests", "MLS.Agent.Tests\MLS.Agent.Tests.csproj", "{765AE2F8-7A2A-471A-8BD2-2CB2994743E9}"
EndProject
Project("{2150E333-8FDC-42A3-9474-1A3956D46DE8}") = "tests", "tests", "{8192FEAD-BCE6-4E62-97E5-2E9EA884BD71}"
EndProject
Project("{2150E333-8FDC-42A3-9474-1A3956D46DE8}") = "source", "source", "{6EE8F484-DFA2-4F0F-939F-400CE78DFAC2}"
EndProject
Project("{9A19103F-16F7-4668-BE54-9A1E7A4F7556}") = "WorkspaceServer", "WorkspaceServer\WorkspaceServer.csproj", "{5CAF24CB-90EA-42AE-81E0-0E82BF3D4AF8}"
EndProject
Project("{9A19103F-16F7-4668-BE54-9A1E7A4F7556}") = "WorkspaceServer.Tests", "WorkspaceServer.Tests\WorkspaceServer.Tests.csproj", "{93E75EF0-416D-43C7-BC67-BF386CE7C79D}"
EndProject
Project("{2150E333-8FDC-42A3-9474-1A3956D46DE8}") = "Solution Items", "Solution Items", "{5B03B52F-8C2A-41B5-AFFE-86B29FC5F061}"
EndProject
Project("{2150E333-8FDC-42A3-9474-1A3956D46DE8}") = ".build", ".build", "{376CF23C-4046-4962-B999-D0192B742DB2}"
	ProjectSection(SolutionItems) = preProject
		.build\build.sh = .build\build.sh
	EndProjectSection
EndProject
Project("{9A19103F-16F7-4668-BE54-9A1E7A4F7556}") = "MLS.Agent.Tools", "MLS.Agent.Tools\MLS.Agent.Tools.csproj", "{BAA738F1-211C-4111-B159-3D43C857ECB2}"
EndProject
Project("{9A19103F-16F7-4668-BE54-9A1E7A4F7556}") = "MLS.TestSupport", "MLS.TestSupport\MLS.TestSupport.csproj", "{CF3D4D15-914D-4EFC-B3B7-505DA9944CCE}"
EndProject
Global
	GlobalSection(SolutionConfigurationPlatforms) = preSolution
		Debug|Any CPU = Debug|Any CPU
		Release|Any CPU = Release|Any CPU
	EndGlobalSection
	GlobalSection(ProjectConfigurationPlatforms) = postSolution
		{5D63B3BA-9C25-4F06-91F0-6B0E1091FCD3}.Debug|Any CPU.ActiveCfg = Debug|Any CPU
		{5D63B3BA-9C25-4F06-91F0-6B0E1091FCD3}.Debug|Any CPU.Build.0 = Debug|Any CPU
		{5D63B3BA-9C25-4F06-91F0-6B0E1091FCD3}.Release|Any CPU.ActiveCfg = Release|Any CPU
		{5D63B3BA-9C25-4F06-91F0-6B0E1091FCD3}.Release|Any CPU.Build.0 = Release|Any CPU
		{765AE2F8-7A2A-471A-8BD2-2CB2994743E9}.Debug|Any CPU.ActiveCfg = Debug|Any CPU
		{765AE2F8-7A2A-471A-8BD2-2CB2994743E9}.Debug|Any CPU.Build.0 = Debug|Any CPU
		{765AE2F8-7A2A-471A-8BD2-2CB2994743E9}.Release|Any CPU.ActiveCfg = Release|Any CPU
		{765AE2F8-7A2A-471A-8BD2-2CB2994743E9}.Release|Any CPU.Build.0 = Release|Any CPU
		{5CAF24CB-90EA-42AE-81E0-0E82BF3D4AF8}.Debug|Any CPU.ActiveCfg = Debug|Any CPU
		{5CAF24CB-90EA-42AE-81E0-0E82BF3D4AF8}.Debug|Any CPU.Build.0 = Debug|Any CPU
		{5CAF24CB-90EA-42AE-81E0-0E82BF3D4AF8}.Release|Any CPU.ActiveCfg = Release|Any CPU
		{5CAF24CB-90EA-42AE-81E0-0E82BF3D4AF8}.Release|Any CPU.Build.0 = Release|Any CPU
		{93E75EF0-416D-43C7-BC67-BF386CE7C79D}.Debug|Any CPU.ActiveCfg = Debug|Any CPU
		{93E75EF0-416D-43C7-BC67-BF386CE7C79D}.Debug|Any CPU.Build.0 = Debug|Any CPU
		{93E75EF0-416D-43C7-BC67-BF386CE7C79D}.Release|Any CPU.ActiveCfg = Release|Any CPU
		{93E75EF0-416D-43C7-BC67-BF386CE7C79D}.Release|Any CPU.Build.0 = Release|Any CPU
		{BAA738F1-211C-4111-B159-3D43C857ECB2}.Debug|Any CPU.ActiveCfg = Debug|Any CPU
		{BAA738F1-211C-4111-B159-3D43C857ECB2}.Debug|Any CPU.Build.0 = Debug|Any CPU
		{BAA738F1-211C-4111-B159-3D43C857ECB2}.Release|Any CPU.ActiveCfg = Release|Any CPU
		{BAA738F1-211C-4111-B159-3D43C857ECB2}.Release|Any CPU.Build.0 = Release|Any CPU
		{CF3D4D15-914D-4EFC-B3B7-505DA9944CCE}.Debug|Any CPU.ActiveCfg = Debug|Any CPU
		{CF3D4D15-914D-4EFC-B3B7-505DA9944CCE}.Debug|Any CPU.Build.0 = Debug|Any CPU
		{CF3D4D15-914D-4EFC-B3B7-505DA9944CCE}.Release|Any CPU.ActiveCfg = Release|Any CPU
		{CF3D4D15-914D-4EFC-B3B7-505DA9944CCE}.Release|Any CPU.Build.0 = Release|Any CPU
	EndGlobalSection
	GlobalSection(SolutionProperties) = preSolution
		HideSolutionNode = FALSE
	EndGlobalSection
	GlobalSection(NestedProjects) = preSolution
		{5D63B3BA-9C25-4F06-91F0-6B0E1091FCD3} = {6EE8F484-DFA2-4F0F-939F-400CE78DFAC2}
		{765AE2F8-7A2A-471A-8BD2-2CB2994743E9} = {8192FEAD-BCE6-4E62-97E5-2E9EA884BD71}
		{5CAF24CB-90EA-42AE-81E0-0E82BF3D4AF8} = {6EE8F484-DFA2-4F0F-939F-400CE78DFAC2}
		{93E75EF0-416D-43C7-BC67-BF386CE7C79D} = {8192FEAD-BCE6-4E62-97E5-2E9EA884BD71}
		{376CF23C-4046-4962-B999-D0192B742DB2} = {5B03B52F-8C2A-41B5-AFFE-86B29FC5F061}
		{BAA738F1-211C-4111-B159-3D43C857ECB2} = {6EE8F484-DFA2-4F0F-939F-400CE78DFAC2}
		{CF3D4D15-914D-4EFC-B3B7-505DA9944CCE} = {8192FEAD-BCE6-4E62-97E5-2E9EA884BD71}
	EndGlobalSection
	GlobalSection(ExtensibilityGlobals) = postSolution
		SolutionGuid = {D6CD99BA-B16B-4570-8910-225CBDFFA3AD}
	EndGlobalSection
EndGlobal
