
Microsoft Visual Studio Solution File, Format Version 12.00
# Visual Studio Version 16
VisualStudioVersion = 16.0.28502.204
MinimumVisualStudioVersion = 10.0.40219.1
Project("{9A19103F-16F7-4668-BE54-9A1E7A4F7556}") = "MLS.Agent", "MLS.Agent\MLS.Agent.csproj", "{5D63B3BA-9C25-4F06-91F0-6B0E1091FCD3}"
EndProject
Project("{9A19103F-16F7-4668-BE54-9A1E7A4F7556}") = "MLS.Agent.Tests", "MLS.Agent.Tests\MLS.Agent.Tests.csproj", "{765AE2F8-7A2A-471A-8BD2-2CB2994743E9}"
EndProject
Project("{2150E333-8FDC-42A3-9474-1A3956D46DE8}") = "tests", "tests", "{8192FEAD-BCE6-4E62-97E5-2E9EA884BD71}"
EndProject
Project("{2150E333-8FDC-42A3-9474-1A3956D46DE8}") = "source", "source", "{6EE8F484-DFA2-4F0F-939F-400CE78DFAC2}"
EndProject
Project("{9A19103F-16F7-4668-BE54-9A1E7A4F7556}") = "WorkspaceServer", "WorkspaceServer\WorkspaceServer.csproj", "{5CAF24CB-90EA-42AE-81E0-0E82BF3D4AF8}"
EndProject
Project("{9A19103F-16F7-4668-BE54-9A1E7A4F7556}") = "WorkspaceServer.Tests", "WorkspaceServer.Tests\WorkspaceServer.Tests.csproj", "{93E75EF0-416D-43C7-BC67-BF386CE7C79D}"
EndProject
Project("{2150E333-8FDC-42A3-9474-1A3956D46DE8}") = "Solution Items", "Solution Items", "{5B03B52F-8C2A-41B5-AFFE-86B29FC5F061}"
EndProject
Project("{2150E333-8FDC-42A3-9474-1A3956D46DE8}") = ".cdpx", ".cdpx", "{376CF23C-4046-4962-B999-D0192B742DB2}"
	ProjectSection(SolutionItems) = preProject
		.cdpx\build.sh = .cdpx\build.sh
	EndProjectSection
EndProject
Project("{9A19103F-16F7-4668-BE54-9A1E7A4F7556}") = "MLS.Agent.Tools", "MLS.Agent.Tools\MLS.Agent.Tools.csproj", "{BAA738F1-211C-4111-B159-3D43C857ECB2}"
EndProject
Project("{9A19103F-16F7-4668-BE54-9A1E7A4F7556}") = "ScriptingWorkspaceServer", "ScriptingWorkspaceServer\ScriptingWorkspaceServer.csproj", "{0E9B079F-01B9-4AE5-B69D-C6ACF9741688}"
EndProject
Project("{9A19103F-16F7-4668-BE54-9A1E7A4F7556}") = "MLS.Protocol", "MLS.Protocol\MLS.Protocol.csproj", "{02049503-05DA-4898-B45C-E314832734A3}"
EndProject
Project("{9A19103F-16F7-4668-BE54-9A1E7A4F7556}") = "MLS.Protocol.Tests", "MLS.Protocol.Tests\MLS.Protocol.Tests.csproj", "{0119749C-0DF0-4CC0-8FE3-FCDBDF2B8865}"
EndProject
Project("{9A19103F-16F7-4668-BE54-9A1E7A4F7556}") = "MLS.Project", "MLS.Project\MLS.Project.csproj", "{5D86DF93-2ACA-44D7-9D39-DAD6B129EAFD}"
EndProject
Project("{9A19103F-16F7-4668-BE54-9A1E7A4F7556}") = "MLS.Repositories", "MLS.Repositories\MLS.Repositories.csproj", "{1464572C-C78C-4E40-87B8-2130684749F3}"
EndProject
Project("{FAE04EC0-301F-11D3-BF4B-00C04F79EFBC}") = "MLS.Repositories.Tests", "MLS.Repositories.Tests\MLS.Repositories.Tests.csproj", "{3D4B1B5F-9350-48F7-ABBA-8ED38E8AB2EE}"
EndProject
Global
	GlobalSection(SolutionConfigurationPlatforms) = preSolution
		Debug|Any CPU = Debug|Any CPU
		Release|Any CPU = Release|Any CPU
	EndGlobalSection
	GlobalSection(ProjectConfigurationPlatforms) = postSolution
		{5D63B3BA-9C25-4F06-91F0-6B0E1091FCD3}.Debug|Any CPU.ActiveCfg = Debug|Any CPU
		{5D63B3BA-9C25-4F06-91F0-6B0E1091FCD3}.Debug|Any CPU.Build.0 = Debug|Any CPU
		{5D63B3BA-9C25-4F06-91F0-6B0E1091FCD3}.Release|Any CPU.ActiveCfg = Release|Any CPU
		{5D63B3BA-9C25-4F06-91F0-6B0E1091FCD3}.Release|Any CPU.Build.0 = Release|Any CPU
		{765AE2F8-7A2A-471A-8BD2-2CB2994743E9}.Debug|Any CPU.ActiveCfg = Debug|Any CPU
		{765AE2F8-7A2A-471A-8BD2-2CB2994743E9}.Debug|Any CPU.Build.0 = Debug|Any CPU
		{765AE2F8-7A2A-471A-8BD2-2CB2994743E9}.Release|Any CPU.ActiveCfg = Release|Any CPU
		{765AE2F8-7A2A-471A-8BD2-2CB2994743E9}.Release|Any CPU.Build.0 = Release|Any CPU
		{5CAF24CB-90EA-42AE-81E0-0E82BF3D4AF8}.Debug|Any CPU.ActiveCfg = Debug|Any CPU
		{5CAF24CB-90EA-42AE-81E0-0E82BF3D4AF8}.Debug|Any CPU.Build.0 = Debug|Any CPU
		{5CAF24CB-90EA-42AE-81E0-0E82BF3D4AF8}.Release|Any CPU.ActiveCfg = Release|Any CPU
		{5CAF24CB-90EA-42AE-81E0-0E82BF3D4AF8}.Release|Any CPU.Build.0 = Release|Any CPU
		{93E75EF0-416D-43C7-BC67-BF386CE7C79D}.Debug|Any CPU.ActiveCfg = Debug|Any CPU
		{93E75EF0-416D-43C7-BC67-BF386CE7C79D}.Debug|Any CPU.Build.0 = Debug|Any CPU
		{93E75EF0-416D-43C7-BC67-BF386CE7C79D}.Release|Any CPU.ActiveCfg = Release|Any CPU
		{93E75EF0-416D-43C7-BC67-BF386CE7C79D}.Release|Any CPU.Build.0 = Release|Any CPU
		{BAA738F1-211C-4111-B159-3D43C857ECB2}.Debug|Any CPU.ActiveCfg = Debug|Any CPU
		{BAA738F1-211C-4111-B159-3D43C857ECB2}.Debug|Any CPU.Build.0 = Debug|Any CPU
		{BAA738F1-211C-4111-B159-3D43C857ECB2}.Release|Any CPU.ActiveCfg = Release|Any CPU
		{BAA738F1-211C-4111-B159-3D43C857ECB2}.Release|Any CPU.Build.0 = Release|Any CPU
		{0E9B079F-01B9-4AE5-B69D-C6ACF9741688}.Debug|Any CPU.ActiveCfg = Debug|Any CPU
		{0E9B079F-01B9-4AE5-B69D-C6ACF9741688}.Debug|Any CPU.Build.0 = Debug|Any CPU
		{0E9B079F-01B9-4AE5-B69D-C6ACF9741688}.Release|Any CPU.ActiveCfg = Release|Any CPU
		{0E9B079F-01B9-4AE5-B69D-C6ACF9741688}.Release|Any CPU.Build.0 = Release|Any CPU
		{02049503-05DA-4898-B45C-E314832734A3}.Debug|Any CPU.ActiveCfg = Debug|Any CPU
		{02049503-05DA-4898-B45C-E314832734A3}.Debug|Any CPU.Build.0 = Debug|Any CPU
		{02049503-05DA-4898-B45C-E314832734A3}.Release|Any CPU.ActiveCfg = Release|Any CPU
		{02049503-05DA-4898-B45C-E314832734A3}.Release|Any CPU.Build.0 = Release|Any CPU
		{0119749C-0DF0-4CC0-8FE3-FCDBDF2B8865}.Debug|Any CPU.ActiveCfg = Debug|Any CPU
		{0119749C-0DF0-4CC0-8FE3-FCDBDF2B8865}.Debug|Any CPU.Build.0 = Debug|Any CPU
		{0119749C-0DF0-4CC0-8FE3-FCDBDF2B8865}.Release|Any CPU.ActiveCfg = Release|Any CPU
		{0119749C-0DF0-4CC0-8FE3-FCDBDF2B8865}.Release|Any CPU.Build.0 = Release|Any CPU
		{5D86DF93-2ACA-44D7-9D39-DAD6B129EAFD}.Debug|Any CPU.ActiveCfg = Debug|Any CPU
		{5D86DF93-2ACA-44D7-9D39-DAD6B129EAFD}.Debug|Any CPU.Build.0 = Debug|Any CPU
		{5D86DF93-2ACA-44D7-9D39-DAD6B129EAFD}.Release|Any CPU.ActiveCfg = Release|Any CPU
		{5D86DF93-2ACA-44D7-9D39-DAD6B129EAFD}.Release|Any CPU.Build.0 = Release|Any CPU
		{1464572C-C78C-4E40-87B8-2130684749F3}.Debug|Any CPU.ActiveCfg = Debug|Any CPU
		{1464572C-C78C-4E40-87B8-2130684749F3}.Debug|Any CPU.Build.0 = Debug|Any CPU
		{1464572C-C78C-4E40-87B8-2130684749F3}.Release|Any CPU.ActiveCfg = Release|Any CPU
		{1464572C-C78C-4E40-87B8-2130684749F3}.Release|Any CPU.Build.0 = Release|Any CPU
		{3D4B1B5F-9350-48F7-ABBA-8ED38E8AB2EE}.Debug|Any CPU.ActiveCfg = Debug|Any CPU
		{3D4B1B5F-9350-48F7-ABBA-8ED38E8AB2EE}.Debug|Any CPU.Build.0 = Debug|Any CPU
		{3D4B1B5F-9350-48F7-ABBA-8ED38E8AB2EE}.Release|Any CPU.ActiveCfg = Release|Any CPU
		{3D4B1B5F-9350-48F7-ABBA-8ED38E8AB2EE}.Release|Any CPU.Build.0 = Release|Any CPU
	EndGlobalSection
	GlobalSection(SolutionProperties) = preSolution
		HideSolutionNode = FALSE
	EndGlobalSection
	GlobalSection(NestedProjects) = preSolution
		{5D63B3BA-9C25-4F06-91F0-6B0E1091FCD3} = {6EE8F484-DFA2-4F0F-939F-400CE78DFAC2}
		{765AE2F8-7A2A-471A-8BD2-2CB2994743E9} = {8192FEAD-BCE6-4E62-97E5-2E9EA884BD71}
		{5CAF24CB-90EA-42AE-81E0-0E82BF3D4AF8} = {6EE8F484-DFA2-4F0F-939F-400CE78DFAC2}
		{93E75EF0-416D-43C7-BC67-BF386CE7C79D} = {8192FEAD-BCE6-4E62-97E5-2E9EA884BD71}
		{376CF23C-4046-4962-B999-D0192B742DB2} = {5B03B52F-8C2A-41B5-AFFE-86B29FC5F061}
		{BAA738F1-211C-4111-B159-3D43C857ECB2} = {6EE8F484-DFA2-4F0F-939F-400CE78DFAC2}
		{0E9B079F-01B9-4AE5-B69D-C6ACF9741688} = {6EE8F484-DFA2-4F0F-939F-400CE78DFAC2}
		{02049503-05DA-4898-B45C-E314832734A3} = {6EE8F484-DFA2-4F0F-939F-400CE78DFAC2}
		{0119749C-0DF0-4CC0-8FE3-FCDBDF2B8865} = {8192FEAD-BCE6-4E62-97E5-2E9EA884BD71}
		{5D86DF93-2ACA-44D7-9D39-DAD6B129EAFD} = {6EE8F484-DFA2-4F0F-939F-400CE78DFAC2}
		{1464572C-C78C-4E40-87B8-2130684749F3} = {6EE8F484-DFA2-4F0F-939F-400CE78DFAC2}
		{3D4B1B5F-9350-48F7-ABBA-8ED38E8AB2EE} = {8192FEAD-BCE6-4E62-97E5-2E9EA884BD71}
	EndGlobalSection
	GlobalSection(ExtensibilityGlobals) = postSolution
		SolutionGuid = {D6CD99BA-B16B-4570-8910-225CBDFFA3AD}
	EndGlobalSection
EndGlobal
